
Microsoft Visual Studio Solution File, Format Version 12.00
# Visual Studio 15
VisualStudioVersion = 15.0.28307.329
MinimumVisualStudioVersion = 10.0.40219.1
Project("{FAE04EC0-301F-11D3-BF4B-00C04F79EFBC}") = "lru_cache", "lru_cache\lru_cache.csproj", "{F807BB5E-364B-429F-973C-5E2594248429}"
EndProject
Global
	GlobalSection(SolutionConfigurationPlatforms) = preSolution
		Debug|Any CPU = Debug|Any CPU
		Release|Any CPU = Release|Any CPU
	EndGlobalSection
	GlobalSection(ProjectConfigurationPlatforms) = postSolution
		{F807BB5E-364B-429F-973C-5E2594248429}.Debug|Any CPU.ActiveCfg = Debug|Any CPU
		{F807BB5E-364B-429F-973C-5E2594248429}.Debug|Any CPU.Build.0 = Debug|Any CPU
		{F807BB5E-364B-429F-973C-5E2594248429}.Release|Any CPU.ActiveCfg = Release|Any CPU
		{F807BB5E-364B-429F-973C-5E2594248429}.Release|Any CPU.Build.0 = Release|Any CPU
	EndGlobalSection
	GlobalSection(SolutionProperties) = preSolution
		HideSolutionNode = FALSE
	EndGlobalSection
	GlobalSection(ExtensibilityGlobals) = postSolution
		SolutionGuid = {1890B6A6-9E1B-4F4D-BED0-7EE9FB43D4C0}
	EndGlobalSection
EndGlobal
